
Microsoft Visual Studio Solution File, Format Version 12.00
# Visual Studio 15
VisualStudioVersion = 15.0.27703.2035
MinimumVisualStudioVersion = 10.0.40219.1
Project("{FAE04EC0-301F-11D3-BF4B-00C04F79EFBC}") = "MachinesBot", "MachinesBot\MachinesBot.csproj", "{819725A1-781D-4743-9F61-A899FCCF038B}"
EndProject
Project("{FAE04EC0-301F-11D3-BF4B-00C04F79EFBC}") = "MachinesBot.xUnit.Tests", "MachinesBot.xUnit.Tests\MachinesBot.xUnit.Tests.csproj", "{6E76E9E2-ACD8-4946-BBA4-196EEBAC4C2A}"
EndProject
Global
	GlobalSection(SolutionConfigurationPlatforms) = preSolution
		Debug|Any CPU = Debug|Any CPU
		Release|Any CPU = Release|Any CPU
	EndGlobalSection
	GlobalSection(ProjectConfigurationPlatforms) = postSolution
		{819725A1-781D-4743-9F61-A899FCCF038B}.Debug|Any CPU.ActiveCfg = Debug|Any CPU
		{819725A1-781D-4743-9F61-A899FCCF038B}.Debug|Any CPU.Build.0 = Debug|Any CPU
		{819725A1-781D-4743-9F61-A899FCCF038B}.Release|Any CPU.ActiveCfg = Release|Any CPU
		{819725A1-781D-4743-9F61-A899FCCF038B}.Release|Any CPU.Build.0 = Release|Any CPU
		{6E76E9E2-ACD8-4946-BBA4-196EEBAC4C2A}.Debug|Any CPU.ActiveCfg = Debug|Any CPU
		{6E76E9E2-ACD8-4946-BBA4-196EEBAC4C2A}.Debug|Any CPU.Build.0 = Debug|Any CPU
		{6E76E9E2-ACD8-4946-BBA4-196EEBAC4C2A}.Release|Any CPU.ActiveCfg = Release|Any CPU
		{6E76E9E2-ACD8-4946-BBA4-196EEBAC4C2A}.Release|Any CPU.Build.0 = Release|Any CPU
	EndGlobalSection
	GlobalSection(SolutionProperties) = preSolution
		HideSolutionNode = FALSE
	EndGlobalSection
	GlobalSection(ExtensibilityGlobals) = postSolution
		SolutionGuid = {2886F2EF-CB24-4CEC-9CC3-07D0E2A16901}
	EndGlobalSection
EndGlobal
